
Microsoft Visual Studio Solution File, Format Version 12.00
# Visual Studio Version 17
VisualStudioVersion = 17.14.36202.13
MinimumVisualStudioVersion = 10.0.40219.1
Project("{FAE04EC0-301F-11D3-BF4B-00C04F79EFBC}") = "umami.Domain", "umami.Domain\umami.Domain.csproj", "{88A4D222-F289-46CF-9FD0-F9B1E81C7F5F}"
EndProject
Project("{FAE04EC0-301F-11D3-BF4B-00C04F79EFBC}") = "umami.Infra.Data", "umami.Infra.Data\umami.Infra.Data.csproj", "{4BD3D5FC-2644-480A-8BF0-5E0C5AC7ED2C}"
EndProject
Project("{FAE04EC0-301F-11D3-BF4B-00C04F79EFBC}") = "umami.Infra.Ioc", "umami.Infra.Ioc\umami.Infra.Ioc.csproj", "{092C9E82-F7CC-45C1-80CF-ED3BCC2B5462}"
EndProject
Project("{FAE04EC0-301F-11D3-BF4B-00C04F79EFBC}") = "umami.Application", "umami.Application\umami.Application.csproj", "{FA44E6BF-C98D-4F15-9854-4E3032B8DBFF}"
EndProject
Project("{FAE04EC0-301F-11D3-BF4B-00C04F79EFBC}") = "umami.API", "umami.API\umami.API.csproj", "{9A5F388A-46B8-4081-9520-AD55B1BE2C48}"
EndProject
Global
	GlobalSection(SolutionConfigurationPlatforms) = preSolution
		Debug|Any CPU = Debug|Any CPU
		Release|Any CPU = Release|Any CPU
	EndGlobalSection
	GlobalSection(ProjectConfigurationPlatforms) = postSolution
		{88A4D222-F289-46CF-9FD0-F9B1E81C7F5F}.Debug|Any CPU.ActiveCfg = Debug|Any CPU
		{88A4D222-F289-46CF-9FD0-F9B1E81C7F5F}.Debug|Any CPU.Build.0 = Debug|Any CPU
		{88A4D222-F289-46CF-9FD0-F9B1E81C7F5F}.Release|Any CPU.ActiveCfg = Release|Any CPU
		{88A4D222-F289-46CF-9FD0-F9B1E81C7F5F}.Release|Any CPU.Build.0 = Release|Any CPU
		{4BD3D5FC-2644-480A-8BF0-5E0C5AC7ED2C}.Debug|Any CPU.ActiveCfg = Debug|Any CPU
		{4BD3D5FC-2644-480A-8BF0-5E0C5AC7ED2C}.Debug|Any CPU.Build.0 = Debug|Any CPU
		{4BD3D5FC-2644-480A-8BF0-5E0C5AC7ED2C}.Release|Any CPU.ActiveCfg = Release|Any CPU
		{4BD3D5FC-2644-480A-8BF0-5E0C5AC7ED2C}.Release|Any CPU.Build.0 = Release|Any CPU
		{092C9E82-F7CC-45C1-80CF-ED3BCC2B5462}.Debug|Any CPU.ActiveCfg = Debug|Any CPU
		{092C9E82-F7CC-45C1-80CF-ED3BCC2B5462}.Debug|Any CPU.Build.0 = Debug|Any CPU
		{092C9E82-F7CC-45C1-80CF-ED3BCC2B5462}.Release|Any CPU.ActiveCfg = Release|Any CPU
		{092C9E82-F7CC-45C1-80CF-ED3BCC2B5462}.Release|Any CPU.Build.0 = Release|Any CPU
		{FA44E6BF-C98D-4F15-9854-4E3032B8DBFF}.Debug|Any CPU.ActiveCfg = Debug|Any CPU
		{FA44E6BF-C98D-4F15-9854-4E3032B8DBFF}.Debug|Any CPU.Build.0 = Debug|Any CPU
		{FA44E6BF-C98D-4F15-9854-4E3032B8DBFF}.Release|Any CPU.ActiveCfg = Release|Any CPU
		{FA44E6BF-C98D-4F15-9854-4E3032B8DBFF}.Release|Any CPU.Build.0 = Release|Any CPU
		{9A5F388A-46B8-4081-9520-AD55B1BE2C48}.Debug|Any CPU.ActiveCfg = Debug|Any CPU
		{9A5F388A-46B8-4081-9520-AD55B1BE2C48}.Debug|Any CPU.Build.0 = Debug|Any CPU
		{9A5F388A-46B8-4081-9520-AD55B1BE2C48}.Release|Any CPU.ActiveCfg = Release|Any CPU
		{9A5F388A-46B8-4081-9520-AD55B1BE2C48}.Release|Any CPU.Build.0 = Release|Any CPU
	EndGlobalSection
	GlobalSection(SolutionProperties) = preSolution
		HideSolutionNode = FALSE
	EndGlobalSection
	GlobalSection(ExtensibilityGlobals) = postSolution
		SolutionGuid = {BBBEBA6C-BFED-435A-A6E4-A2D20460ED99}
	EndGlobalSection
EndGlobal
